
Microsoft Visual Studio Solution File, Format Version 12.00
# Visual Studio Version 17
VisualStudioVersion = 17.12.35527.113 d17.12
MinimumVisualStudioVersion = 10.0.40219.1
Project("{8BC9CEB8-8B4A-11D0-8D11-00A0C91BC942}") = "Knightmare_Descent", "Knightmare_Descent\Knightmare_Descent.vcxproj", "{98EBC5DC-ECE7-4957-A092-89CD18F409E7}"
EndProject
Project("{8BC9CEB8-8B4A-11D0-8D11-00A0C91BC942}") = "Engine", "Engine\Engine.vcxproj", "{548D5D70-B9F9-4EE3-BC94-E0E0EC3D8313}"
EndProject
Global
	GlobalSection(SolutionConfigurationPlatforms) = preSolution
		Debug|x64 = Debug|x64
		Debug|x86 = Debug|x86
		Release|x64 = Release|x64
		Release|x86 = Release|x86
	EndGlobalSection
	GlobalSection(ProjectConfigurationPlatforms) = postSolution
		{98EBC5DC-ECE7-4957-A092-89CD18F409E7}.Debug|x64.ActiveCfg = Debug|x64
		{98EBC5DC-ECE7-4957-A092-89CD18F409E7}.Debug|x64.Build.0 = Debug|x64
		{98EBC5DC-ECE7-4957-A092-89CD18F409E7}.Debug|x86.ActiveCfg = Debug|Win32
		{98EBC5DC-ECE7-4957-A092-89CD18F409E7}.Debug|x86.Build.0 = Debug|Win32
		{98EBC5DC-ECE7-4957-A092-89CD18F409E7}.Release|x64.ActiveCfg = Release|x64
		{98EBC5DC-ECE7-4957-A092-89CD18F409E7}.Release|x64.Build.0 = Release|x64
		{98EBC5DC-ECE7-4957-A092-89CD18F409E7}.Release|x86.ActiveCfg = Release|Win32
		{98EBC5DC-ECE7-4957-A092-89CD18F409E7}.Release|x86.Build.0 = Release|Win32
		{548D5D70-B9F9-4EE3-BC94-E0E0EC3D8313}.Debug|x64.ActiveCfg = Debug|x64
		{548D5D70-B9F9-4EE3-BC94-E0E0EC3D8313}.Debug|x64.Build.0 = Debug|x64
		{548D5D70-B9F9-4EE3-BC94-E0E0EC3D8313}.Debug|x86.ActiveCfg = Debug|Win32
		{548D5D70-B9F9-4EE3-BC94-E0E0EC3D8313}.Debug|x86.Build.0 = Debug|Win32
		{548D5D70-B9F9-4EE3-BC94-E0E0EC3D8313}.Release|x64.ActiveCfg = Release|x64
		{548D5D70-B9F9-4EE3-BC94-E0E0EC3D8313}.Release|x64.Build.0 = Release|x64
		{548D5D70-B9F9-4EE3-BC94-E0E0EC3D8313}.Release|x86.ActiveCfg = Release|Win32
		{548D5D70-B9F9-4EE3-BC94-E0E0EC3D8313}.Release|x86.Build.0 = Release|Win32
	EndGlobalSection
	GlobalSection(SolutionProperties) = preSolution
		HideSolutionNode = FALSE
	EndGlobalSection
EndGlobal
